
Microsoft Visual Studio Solution File, Format Version 12.00
# Visual Studio Version 16
VisualStudioVersion = 16.0.33214.272
MinimumVisualStudioVersion = 10.0.40219.1
Project("{FAE04EC0-301F-11D3-BF4B-00C04F79EFBC}") = "Sergioteacher.Csharp04.Datos01Items", "Sergioteacher.Csharp04.Datos01Items\Sergioteacher.Csharp04.Datos01Items.csproj", "{DB3FB616-6C80-477B-94A8-5E46AF99D294}"
EndProject
Global
	GlobalSection(SolutionConfigurationPlatforms) = preSolution
		Debug|Any CPU = Debug|Any CPU
		Release|Any CPU = Release|Any CPU
	EndGlobalSection
	GlobalSection(ProjectConfigurationPlatforms) = postSolution
		{DB3FB616-6C80-477B-94A8-5E46AF99D294}.Debug|Any CPU.ActiveCfg = Debug|Any CPU
		{DB3FB616-6C80-477B-94A8-5E46AF99D294}.Debug|Any CPU.Build.0 = Debug|Any CPU
		{DB3FB616-6C80-477B-94A8-5E46AF99D294}.Release|Any CPU.ActiveCfg = Release|Any CPU
		{DB3FB616-6C80-477B-94A8-5E46AF99D294}.Release|Any CPU.Build.0 = Release|Any CPU
	EndGlobalSection
	GlobalSection(SolutionProperties) = preSolution
		HideSolutionNode = FALSE
	EndGlobalSection
	GlobalSection(ExtensibilityGlobals) = postSolution
		SolutionGuid = {8D26E67A-0430-4E89-ACDA-DDC8F51C76BE}
	EndGlobalSection
EndGlobal
